
Microsoft Visual Studio Solution File, Format Version 12.00
# Visual Studio Version 17
VisualStudioVersion = 17.8.34330.188
MinimumVisualStudioVersion = 10.0.40219.1
Project("{FAE04EC0-301F-11D3-BF4B-00C04F79EFBC}") = "midterm_trungthanh", "midterm_trungthanh\midterm_trungthanh.csproj", "{95C5E222-56BB-4598-911B-70113BF2408F}"
EndProject
Global
	GlobalSection(SolutionConfigurationPlatforms) = preSolution
		Debug|Any CPU = Debug|Any CPU
		Release|Any CPU = Release|Any CPU
	EndGlobalSection
	GlobalSection(ProjectConfigurationPlatforms) = postSolution
		{95C5E222-56BB-4598-911B-70113BF2408F}.Debug|Any CPU.ActiveCfg = Debug|Any CPU
		{95C5E222-56BB-4598-911B-70113BF2408F}.Debug|Any CPU.Build.0 = Debug|Any CPU
		{95C5E222-56BB-4598-911B-70113BF2408F}.Release|Any CPU.ActiveCfg = Release|Any CPU
		{95C5E222-56BB-4598-911B-70113BF2408F}.Release|Any CPU.Build.0 = Release|Any CPU
	EndGlobalSection
	GlobalSection(SolutionProperties) = preSolution
		HideSolutionNode = FALSE
	EndGlobalSection
	GlobalSection(ExtensibilityGlobals) = postSolution
		SolutionGuid = {AFA659A5-A67B-4D4A-96C1-59B10B60479F}
	EndGlobalSection
EndGlobal
